// !$*UTF8*$!
{
	archiveVersion = 1;
	classes = {
	};
	objectVersion = 55;
	objects = {

/* Begin PBXBuildFile section */
		F3D5509027E14AAE001F4BC6 /* AppDelegate.swift in Sources */ = {isa = PBXBuildFile; fileRef = F3D5508F27E14AAE001F4BC6 /* AppDelegate.swift */; };
		F3D5509227E14AAE001F4BC6 /* ContentView.swift in Sources */ = {isa = PBXBuildFile; fileRef = F3D5509127E14AAE001F4BC6 /* ContentView.swift */; };
		F3D5509427E14AAE001F4BC6 /* Experience.rcproject in Sources */ = {isa = PBXBuildFile; fileRef = F3D5509327E14AAE001F4BC6 /* Experience.rcproject */; };
		F3D5509627E14AAF001F4BC6 /* Assets.xcassets in Resources */ = {isa = PBXBuildFile; fileRef = F3D5509527E14AAF001F4BC6 /* Assets.xcassets */; };
		F3D5509927E14AAF001F4BC6 /* Preview Assets.xcassets in Resources */ = {isa = PBXBuildFile; fileRef = F3D5509827E14AAF001F4BC6 /* Preview Assets.xcassets */; };
		F3D550A327E14AB0001F4BC6 /* Lab8_2022Tests.swift in Sources */ = {isa = PBXBuildFile; fileRef = F3D550A227E14AB0001F4BC6 /* Lab8_2022Tests.swift */; };
		F3D550AD27E14AB0001F4BC6 /* Lab8_2022UITests.swift in Sources */ = {isa = PBXBuildFile; fileRef = F3D550AC27E14AB0001F4BC6 /* Lab8_2022UITests.swift */; };
		F3D550AF27E14AB0001F4BC6 /* Lab8_2022UITestsLaunchTests.swift in Sources */ = {isa = PBXBuildFile; fileRef = F3D550AE27E14AB0001F4BC6 /* Lab8_2022UITestsLaunchTests.swift */; };
/* End PBXBuildFile section */

/* Begin PBXContainerItemProxy section */
		F3D5509F27E14AB0001F4BC6 /* PBXContainerItemProxy */ = {
			isa = PBXContainerItemProxy;
			containerPortal = F3D5508427E14AAE001F4BC6 /* Project object */;
			proxyType = 1;
			remoteGlobalIDString = F3D5508B27E14AAE001F4BC6;
			remoteInfo = Lab8_2022;
		};
		F3D550A927E14AB0001F4BC6 /* PBXContainerItemProxy */ = {
			isa = PBXContainerItemProxy;
			containerPortal = F3D5508427E14AAE001F4BC6 /* Project object */;
			proxyType = 1;
			remoteGlobalIDString = F3D5508B27E14AAE001F4BC6;
			remoteInfo = Lab8_2022;
		};
/* End PBXContainerItemProxy section */

/* Begin PBXFileReference section */
		F3D5508C27E14AAE001F4BC6 /* Lab8_2022.app */ = {isa = PBXFileReference; explicitFileType = wrapper.application; includeInIndex = 0; path = Lab8_2022.app; sourceTree = BUILT_PRODUCTS_DIR; };
		F3D5508F27E14AAE001F4BC6 /* AppDelegate.swift */ = {isa = PBXFileReference; lastKnownFileType = sourcecode.swift; path = AppDelegate.swift; sourceTree = "<group>"; };
		F3D5509127E14AAE001F4BC6 /* ContentView.swift */ = {isa = PBXFileReference; lastKnownFileType = sourcecode.swift; path = ContentView.swift; sourceTree = "<group>"; };
		F3D5509327E14AAE001F4BC6 /* Experience.rcproject */ = {isa = PBXFileReference; lastKnownFileType = file.rcproject; path = Experience.rcproject; sourceTree = "<group>"; };
		F3D5509527E14AAF001F4BC6 /* Assets.xcassets */ = {isa = PBXFileReference; lastKnownFileType = folder.assetcatalog; path = Assets.xcassets; sourceTree = "<group>"; };
		F3D5509827E14AAF001F4BC6 /* Preview Assets.xcassets */ = {isa = PBXFileReference; lastKnownFileType = folder.assetcatalog; path = "Preview Assets.xcassets"; sourceTree = "<group>"; };
		F3D5509E27E14AB0001F4BC6 /* Lab8_2022Tests.xctest */ = {isa = PBXFileReference; explicitFileType = wrapper.cfbundle; includeInIndex = 0; path = Lab8_2022Tests.xctest; sourceTree = BUILT_PRODUCTS_DIR; };
		F3D550A227E14AB0001F4BC6 /* Lab8_2022Tests.swift */ = {isa = PBXFileReference; lastKnownFileType = sourcecode.swift; path = Lab8_2022Tests.swift; sourceTree = "<group>"; };
		F3D550A827E14AB0001F4BC6 /* Lab8_2022UITests.xctest */ = {isa = PBXFileReference; explicitFileType = wrapper.cfbundle; includeInIndex = 0; path = Lab8_2022UITests.xctest; sourceTree = BUILT_PRODUCTS_DIR; };
		F3D550AC27E14AB0001F4BC6 /* Lab8_2022UITests.swift */ = {isa = PBXFileReference; lastKnownFileType = sourcecode.swift; path = Lab8_2022UITests.swift; sourceTree = "<group>"; };
		F3D550AE27E14AB0001F4BC6 /* Lab8_2022UITestsLaunchTests.swift */ = {isa = PBXFileReference; lastKnownFileType = sourcecode.swift; path = Lab8_2022UITestsLaunchTests.swift; sourceTree = "<group>"; };
/* End PBXFileReference section */

/* Begin PBXFrameworksBuildPhase section */
		F3D5508927E14AAE001F4BC6 /* Frameworks */ = {
			isa = PBXFrameworksBuildPhase;
			buildActionMask = 2147483647;
			files = (
			);
			runOnlyForDeploymentPostprocessing = 0;
		};
		F3D5509B27E14AB0001F4BC6 /* Frameworks */ = {
			isa = PBXFrameworksBuildPhase;
			buildActionMask = 2147483647;
			files = (
			);
			runOnlyForDeploymentPostprocessing = 0;
		};
		F3D550A527E14AB0001F4BC6 /* Frameworks */ = {
			isa = PBXFrameworksBuildPhase;
			buildActionMask = 2147483647;
			files = (
			);
			runOnlyForDeploymentPostprocessing = 0;
		};
/* End PBXFrameworksBuildPhase section */

/* Begin PBXGroup section */
		F3D5508327E14AAE001F4BC6 = {
			isa = PBXGroup;
			children = (
				F3D5508E27E14AAE001F4BC6 /* Lab8_2022 */,
				F3D550A127E14AB0001F4BC6 /* Lab8_2022Tests */,
				F3D550AB27E14AB0001F4BC6 /* Lab8_2022UITests */,
				F3D5508D27E14AAE001F4BC6 /* Products */,
			);
			sourceTree = "<group>";
		};
		F3D5508D27E14AAE001F4BC6 /* Products */ = {
			isa = PBXGroup;
			children = (
				F3D5508C27E14AAE001F4BC6 /* Lab8_2022.app */,
				F3D5509E27E14AB0001F4BC6 /* Lab8_2022Tests.xctest */,
				F3D550A827E14AB0001F4BC6 /* Lab8_2022UITests.xctest */,
			);
			name = Products;
			sourceTree = "<group>";
		};
		F3D5508E27E14AAE001F4BC6 /* Lab8_2022 */ = {
			isa = PBXGroup;
			children = (
				F3D5508F27E14AAE001F4BC6 /* AppDelegate.swift */,
				F3D5509127E14AAE001F4BC6 /* ContentView.swift */,
				F3D5509327E14AAE001F4BC6 /* Experience.rcproject */,
				F3D5509527E14AAF001F4BC6 /* Assets.xcassets */,
				F3D5509727E14AAF001F4BC6 /* Preview Content */,
			);
			path = Lab8_2022;
			sourceTree = "<group>";
		};
		F3D5509727E14AAF001F4BC6 /* Preview Content */ = {
			isa = PBXGroup;
			children = (
				F3D5509827E14AAF001F4BC6 /* Preview Assets.xcassets */,
			);
			path = "Preview Content";
			sourceTree = "<group>";
		};
		F3D550A127E14AB0001F4BC6 /* Lab8_2022Tests */ = {
			isa = PBXGroup;
			children = (
				F3D550A227E14AB0001F4BC6 /* Lab8_2022Tests.swift */,
			);
			path = Lab8_2022Tests;
			sourceTree = "<group>";
		};
		F3D550AB27E14AB0001F4BC6 /* Lab8_2022UITests */ = {
			isa = PBXGroup;
			children = (
				F3D550AC27E14AB0001F4BC6 /* Lab8_2022UITests.swift */,
				F3D550AE27E14AB0001F4BC6 /* Lab8_2022UITestsLaunchTests.swift */,
			);
			path = Lab8_2022UITests;
			sourceTree = "<group>";
		};
/* End PBXGroup section */

/* Begin PBXNativeTarget section */
		F3D5508B27E14AAE001F4BC6 /* Lab8_2022 */ = {
			isa = PBXNativeTarget;
			buildConfigurationList = F3D550B227E14AB0001F4BC6 /* Build configuration list for PBXNativeTarget "Lab8_2022" */;
			buildPhases = (
				F3D5508827E14AAE001F4BC6 /* Sources */,
				F3D5508927E14AAE001F4BC6 /* Frameworks */,
				F3D5508A27E14AAE001F4BC6 /* Resources */,
			);
			buildRules = (
			);
			dependencies = (
			);
			name = Lab8_2022;
			productName = Lab8_2022;
			productReference = F3D5508C27E14AAE001F4BC6 /* Lab8_2022.app */;
			productType = "com.apple.product-type.application";
		};
		F3D5509D27E14AB0001F4BC6 /* Lab8_2022Tests */ = {
			isa = PBXNativeTarget;
			buildConfigurationList = F3D550B527E14AB0001F4BC6 /* Build configuration list for PBXNativeTarget "Lab8_2022Tests" */;
			buildPhases = (
				F3D5509A27E14AB0001F4BC6 /* Sources */,
				F3D5509B27E14AB0001F4BC6 /* Frameworks */,
				F3D5509C27E14AB0001F4BC6 /* Resources */,
			);
			buildRules = (
			);
			dependencies = (
				F3D550A027E14AB0001F4BC6 /* PBXTargetDependency */,
			);
			name = Lab8_2022Tests;
			productName = Lab8_2022Tests;
			productReference = F3D5509E27E14AB0001F4BC6 /* Lab8_2022Tests.xctest */;
			productType = "com.apple.product-type.bundle.unit-test";
		};
		F3D550A727E14AB0001F4BC6 /* Lab8_2022UITests */ = {
			isa = PBXNativeTarget;
			buildConfigurationList = F3D550B827E14AB0001F4BC6 /* Build configuration list for PBXNativeTarget "Lab8_2022UITests" */;
			buildPhases = (
				F3D550A427E14AB0001F4BC6 /* Sources */,
				F3D550A527E14AB0001F4BC6 /* Frameworks */,
				F3D550A627E14AB0001F4BC6 /* Resources */,
			);
			buildRules = (
			);
			dependencies = (
				F3D550AA27E14AB0001F4BC6 /* PBXTargetDependency */,
			);
			name = Lab8_2022UITests;
			productName = Lab8_2022UITests;
			productReference = F3D550A827E14AB0001F4BC6 /* Lab8_2022UITests.xctest */;
			productType = "com.apple.product-type.bundle.ui-testing";
		};
/* End PBXNativeTarget section */

/* Begin PBXProject section */
		F3D5508427E14AAE001F4BC6 /* Project object */ = {
			isa = PBXProject;
			attributes = {
				BuildIndependentTargetsInParallel = 1;
				LastSwiftUpdateCheck = 1330;
				LastUpgradeCheck = 1330;
				TargetAttributes = {
					F3D5508B27E14AAE001F4BC6 = {
						CreatedOnToolsVersion = 13.3;
					};
					F3D5509D27E14AB0001F4BC6 = {
						CreatedOnToolsVersion = 13.3;
						TestTargetID = F3D5508B27E14AAE001F4BC6;
					};
					F3D550A727E14AB0001F4BC6 = {
						CreatedOnToolsVersion = 13.3;
						TestTargetID = F3D5508B27E14AAE001F4BC6;
					};
				};
			};
			buildConfigurationList = F3D5508727E14AAE001F4BC6 /* Build configuration list for PBXProject "Lab8_2022" */;
			compatibilityVersion = "Xcode 13.0";
			developmentRegion = en;
			hasScannedForEncodings = 0;
			knownRegions = (
				en,
				Base,
			);
			mainGroup = F3D5508327E14AAE001F4BC6;
			productRefGroup = F3D5508D27E14AAE001F4BC6 /* Products */;
			projectDirPath = "";
			projectRoot = "";
			targets = (
				F3D5508B27E14AAE001F4BC6 /* Lab8_2022 */,
				F3D5509D27E14AB0001F4BC6 /* Lab8_2022Tests */,
				F3D550A727E14AB0001F4BC6 /* Lab8_2022UITests */,
			);
		};
/* End PBXProject section */

/* Begin PBXResourcesBuildPhase section */
		F3D5508A27E14AAE001F4BC6 /* Resources */ = {
			isa = PBXResourcesBuildPhase;
			buildActionMask = 2147483647;
			files = (
				F3D5509927E14AAF001F4BC6 /* Preview Assets.xcassets in Resources */,
				F3D5509627E14AAF001F4BC6 /* Assets.xcassets in Resources */,
			);
			runOnlyForDeploymentPostprocessing = 0;
		};
		F3D5509C27E14AB0001F4BC6 /* Resources */ = {
			isa = PBXResourcesBuildPhase;
			buildActionMask = 2147483647;
			files = (
			);
			runOnlyForDeploymentPostprocessing = 0;
		};
		F3D550A627E14AB0001F4BC6 /* Resources */ = {
			isa = PBXResourcesBuildPhase;
			buildActionMask = 2147483647;
			files = (
			);
			runOnlyForDeploymentPostprocessing = 0;
		};
/* End PBXResourcesBuildPhase section */

/* Begin PBXSourcesBuildPhase section */
		F3D5508827E14AAE001F4BC6 /* Sources */ = {
			isa = PBXSourcesBuildPhase;
			buildActionMask = 2147483647;
			files = (
				F3D5509227E14AAE001F4BC6 /* ContentView.swift in Sources */,
				F3D5509027E14AAE001F4BC6 /* AppDelegate.swift in Sources */,
				F3D5509427E14AAE001F4BC6 /* Experience.rcproject in Sources */,
			);
			runOnlyForDeploymentPostprocessing = 0;
		};
		F3D5509A27E14AB0001F4BC6 /* Sources */ = {
			isa = PBXSourcesBuildPhase;
			buildActionMask = 2147483647;
			files = (
				F3D550A327E14AB0001F4BC6 /* Lab8_2022Tests.swift in Sources */,
			);
			runOnlyForDeploymentPostprocessing = 0;
		};
		F3D550A427E14AB0001F4BC6 /* Sources */ = {
			isa = PBXSourcesBuildPhase;
			buildActionMask = 2147483647;
			files = (
				F3D550AD27E14AB0001F4BC6 /* Lab8_2022UITests.swift in Sources */,
				F3D550AF27E14AB0001F4BC6 /* Lab8_2022UITestsLaunchTests.swift in Sources */,
			);
			runOnlyForDeploymentPostprocessing = 0;
		};
/* End PBXSourcesBuildPhase section */

/* Begin PBXTargetDependency section */
		F3D550A027E14AB0001F4BC6 /* PBXTargetDependency */ = {
			isa = PBXTargetDependency;
			target = F3D5508B27E14AAE001F4BC6 /* Lab8_2022 */;
			targetProxy = F3D5509F27E14AB0001F4BC6 /* PBXContainerItemProxy */;
		};
		F3D550AA27E14AB0001F4BC6 /* PBXTargetDependency */ = {
			isa = PBXTargetDependency;
			target = F3D5508B27E14AAE001F4BC6 /* Lab8_2022 */;
			targetProxy = F3D550A927E14AB0001F4BC6 /* PBXContainerItemProxy */;
		};
/* End PBXTargetDependency section */

/* Begin XCBuildConfiguration section */
		F3D550B027E14AB0001F4BC6 /* Debug */ = {
			isa = XCBuildConfiguration;
			buildSettings = {
				ALWAYS_SEARCH_USER_PATHS = NO;
				CLANG_ANALYZER_NONNULL = YES;
				CLANG_ANALYZER_NUMBER_OBJECT_CONVERSION = YES_AGGRESSIVE;
				CLANG_CXX_LANGUAGE_STANDARD = "gnu++17";
				CLANG_ENABLE_MODULES = YES;
				CLANG_ENABLE_OBJC_ARC = YES;
				CLANG_ENABLE_OBJC_WEAK = YES;
				CLANG_WARN_BLOCK_CAPTURE_AUTORELEASING = YES;
				CLANG_WARN_BOOL_CONVERSION = YES;
				CLANG_WARN_COMMA = YES;
				CLANG_WARN_CONSTANT_CONVERSION = YES;
				CLANG_WARN_DEPRECATED_OBJC_IMPLEMENTATIONS = YES;
				CLANG_WARN_DIRECT_OBJC_ISA_USAGE = YES_ERROR;
				CLANG_WARN_DOCUMENTATION_COMMENTS = YES;
				CLANG_WARN_EMPTY_BODY = YES;
				CLANG_WARN_ENUM_CONVERSION = YES;
				CLANG_WARN_INFINITE_RECURSION = YES;
				CLANG_WARN_INT_CONVERSION = YES;
				CLANG_WARN_NON_LITERAL_NULL_CONVERSION = YES;
				CLANG_WARN_OBJC_IMPLICIT_RETAIN_SELF = YES;
				CLANG_WARN_OBJC_LITERAL_CONVERSION = YES;
				CLANG_WARN_OBJC_ROOT_CLASS = YES_ERROR;
				CLANG_WARN_QUOTED_INCLUDE_IN_FRAMEWORK_HEADER = YES;
				CLANG_WARN_RANGE_LOOP_ANALYSIS = YES;
				CLANG_WARN_STRICT_PROTOTYPES = YES;
				CLANG_WARN_SUSPICIOUS_MOVE = YES;
				CLANG_WARN_UNGUARDED_AVAILABILITY = YES_AGGRESSIVE;
				CLANG_WARN_UNREACHABLE_CODE = YES;
				CLANG_WARN__DUPLICATE_METHOD_MATCH = YES;
				COPY_PHASE_STRIP = NO;
				DEBUG_INFORMATION_FORMAT = dwarf;
				ENABLE_STRICT_OBJC_MSGSEND = YES;
				ENABLE_TESTABILITY = YES;
				GCC_C_LANGUAGE_STANDARD = gnu11;
				GCC_DYNAMIC_NO_PIC = NO;
				GCC_NO_COMMON_BLOCKS = YES;
				GCC_OPTIMIZATION_LEVEL = 0;
				GCC_PREPROCESSOR_DEFINITIONS = (
					"DEBUG=1",
					"$(inherited)",
				);
				GCC_WARN_64_TO_32_BIT_CONVERSION = YES;
				GCC_WARN_ABOUT_RETURN_TYPE = YES_ERROR;
				GCC_WARN_UNDECLARED_SELECTOR = YES;
				GCC_WARN_UNINITIALIZED_AUTOS = YES_AGGRESSIVE;
				GCC_WARN_UNUSED_FUNCTION = YES;
				GCC_WARN_UNUSED_VARIABLE = YES;
				IPHONEOS_DEPLOYMENT_TARGET = 15.4;
				MTL_ENABLE_DEBUG_INFO = INCLUDE_SOURCE;
				MTL_FAST_MATH = YES;
				ONLY_ACTIVE_ARCH = YES;
				SDKROOT = iphoneos;
				SWIFT_ACTIVE_COMPILATION_CONDITIONS = DEBUG;
				SWIFT_OPTIMIZATION_LEVEL = "-Onone";
			};
			name = Debug;
		};
		F3D550B127E14AB0001F4BC6 /* Release */ = {
			isa = XCBuildConfiguration;
			buildSettings = {
				ALWAYS_SEARCH_USER_PATHS = NO;
				CLANG_ANALYZER_NONNULL = YES;
				CLANG_ANALYZER_NUMBER_OBJECT_CONVERSION = YES_AGGRESSIVE;
				CLANG_CXX_LANGUAGE_STANDARD = "gnu++17";
				CLANG_ENABLE_MODULES = YES;
				CLANG_ENABLE_OBJC_ARC = YES;
				CLANG_ENABLE_OBJC_WEAK = YES;
				CLANG_WARN_BLOCK_CAPTURE_AUTORELEASING = YES;
				CLANG_WARN_BOOL_CONVERSION = YES;
				CLANG_WARN_COMMA = YES;
				CLANG_WARN_CONSTANT_CONVERSION = YES;
				CLANG_WARN_DEPRECATED_OBJC_IMPLEMENTATIONS = YES;
				CLANG_WARN_DIRECT_OBJC_ISA_USAGE = YES_ERROR;
				CLANG_WARN_DOCUMENTATION_COMMENTS = YES;
				CLANG_WARN_EMPTY_BODY = YES;
				CLANG_WARN_ENUM_CONVERSION = YES;
				CLANG_WARN_INFINITE_RECURSION = YES;
				CLANG_WARN_INT_CONVERSION = YES;
				CLANG_WARN_NON_LITERAL_NULL_CONVERSION = YES;
				CLANG_WARN_OBJC_IMPLICIT_RETAIN_SELF = YES;
				CLANG_WARN_OBJC_LITERAL_CONVERSION = YES;
				CLANG_WARN_OBJC_ROOT_CLASS = YES_ERROR;
				CLANG_WARN_QUOTED_INCLUDE_IN_FRAMEWORK_HEADER = YES;
				CLANG_WARN_RANGE_LOOP_ANALYSIS = YES;
				CLANG_WARN_STRICT_PROTOTYPES = YES;
				CLANG_WARN_SUSPICIOUS_MOVE = YES;
				CLANG_WARN_UNGUARDED_AVAILABILITY = YES_AGGRESSIVE;
				CLANG_WARN_UNREACHABLE_CODE = YES;
				CLANG_WARN__DUPLICATE_METHOD_MATCH = YES;
				COPY_PHASE_STRIP = NO;
				DEBUG_INFORMATION_FORMAT = "dwarf-with-dsym";
				ENABLE_NS_ASSERTIONS = NO;
				ENABLE_STRICT_OBJC_MSGSEND = YES;
				GCC_C_LANGUAGE_STANDARD = gnu11;
				GCC_NO_COMMON_BLOCKS = YES;
				GCC_WARN_64_TO_32_BIT_CONVERSION = YES;
				GCC_WARN_ABOUT_RETURN_TYPE = YES_ERROR;
				GCC_WARN_UNDECLARED_SELECTOR = YES;
				GCC_WARN_UNINITIALIZED_AUTOS = YES_AGGRESSIVE;
				GCC_WARN_UNUSED_FUNCTION = YES;
				GCC_WARN_UNUSED_VARIABLE = YES;
				IPHONEOS_DEPLOYMENT_TARGET = 15.4;
				MTL_ENABLE_DEBUG_INFO = NO;
				MTL_FAST_MATH = YES;
				SDKROOT = iphoneos;
				SWIFT_COMPILATION_MODE = wholemodule;
				SWIFT_OPTIMIZATION_LEVEL = "-O";
				VALIDATE_PRODUCT = YES;
			};
			name = Release;
		};
		F3D550B327E14AB0001F4BC6 /* Debug */ = {
			isa = XCBuildConfiguration;
			buildSettings = {
				ASSETCATALOG_COMPILER_APPICON_NAME = AppIcon;
				ASSETCATALOG_COMPILER_GLOBAL_ACCENT_COLOR_NAME = AccentColor;
				CODE_SIGN_STYLE = Automatic;
				CURRENT_PROJECT_VERSION = 1;
				DEVELOPMENT_ASSET_PATHS = "\"Lab8_2022/Preview Content\"";
				DEVELOPMENT_TEAM = H688AWC3Y6;
				ENABLE_PREVIEWS = YES;
				GENERATE_INFOPLIST_FILE = YES;
				INFOPLIST_KEY_NSCameraUsageDescription = "";
				INFOPLIST_KEY_UIApplicationSupportsIndirectInputEvents = YES;
				INFOPLIST_KEY_UILaunchScreen_Generation = YES;
				INFOPLIST_KEY_UIRequiredDeviceCapabilities = arkit;
				INFOPLIST_KEY_UIStatusBarHidden = YES;
				INFOPLIST_KEY_UISupportedInterfaceOrientations_iPad = "UIInterfaceOrientationPortrait UIInterfaceOrientationPortraitUpsideDown UIInterfaceOrientationLandscapeLeft UIInterfaceOrientationLandscapeRight";
				INFOPLIST_KEY_UISupportedInterfaceOrientations_iPhone = "UIInterfaceOrientationPortrait UIInterfaceOrientationLandscapeLeft UIInterfaceOrientationLandscapeRight";
				IPHONEOS_DEPLOYMENT_TARGET = 15.3;
				LD_RUNPATH_SEARCH_PATHS = (
					"$(inherited)",
					"@executable_path/Frameworks",
				);
				MARKETING_VERSION = 1.0;
				PRODUCT_BUNDLE_IDENTIFIER = "com.outlook.ics-C0499355.Lab8-2022";
				PRODUCT_NAME = "$(TARGET_NAME)";
				SWIFT_EMIT_LOC_STRINGS = YES;
				SWIFT_VERSION = 5.0;
				TARGETED_DEVICE_FAMILY = "1,2";
			};
			name = Debug;
		};
		F3D550B427E14AB0001F4BC6 /* Release */ = {
			isa = XCBuildConfiguration;
			buildSettings = {
				ASSETCATALOG_COMPILER_APPICON_NAME = AppIcon;
				ASSETCATALOG_COMPILER_GLOBAL_ACCENT_COLOR_NAME = AccentColor;
				CODE_SIGN_STYLE = Automatic;
				CURRENT_PROJECT_VERSION = 1;
				DEVELOPMENT_ASSET_PATHS = "\"Lab8_2022/Preview Content\"";
				DEVELOPMENT_TEAM = H688AWC3Y6;
				ENABLE_PREVIEWS = YES;
				GENERATE_INFOPLIST_FILE = YES;
				INFOPLIST_KEY_NSCameraUsageDescription = "";
				INFOPLIST_KEY_UIApplicationSupportsIndirectInputEvents = YES;
				INFOPLIST_KEY_UILaunchScreen_Generation = YES;
				INFOPLIST_KEY_UIRequiredDeviceCapabilities = arkit;
				INFOPLIST_KEY_UIStatusBarHidden = YES;
				INFOPLIST_KEY_UISupportedInterfaceOrientations_iPad = "UIInterfaceOrientationPortrait UIInterfaceOrientationPortraitUpsideDown UIInterfaceOrientationLandscapeLeft UIInterfaceOrientationLandscapeRight";
				INFOPLIST_KEY_UISupportedInterfaceOrientations_iPhone = "UIInterfaceOrientationPortrait UIInterfaceOrientationLandscapeLeft UIInterfaceOrientationLandscapeRight";
				IPHONEOS_DEPLOYMENT_TARGET = 15.3;
				LD_RUNPATH_SEARCH_PATHS = (
					"$(inherited)",
					"@executable_path/Frameworks",
				);
				MARKETING_VERSION = 1.0;
				PRODUCT_BUNDLE_IDENTIFIER = "com.outlook.ics-C0499355.Lab8-2022";
				PRODUCT_NAME = "$(TARGET_NAME)";
				SWIFT_EMIT_LOC_STRINGS = YES;
				SWIFT_VERSION = 5.0;
				TARGETED_DEVICE_FAMILY = "1,2";
			};
			name = Release;
		};
		F3D550B627E14AB0001F4BC6 /* Debug */ = {
			isa = XCBuildConfiguration;
			buildSettings = {
				ALWAYS_EMBED_SWIFT_STANDARD_LIBRARIES = YES;
				BUNDLE_LOADER = "$(TEST_HOST)";
				CODE_SIGN_STYLE = Automatic;
				CURRENT_PROJECT_VERSION = 1;
				DEVELOPMENT_TEAM = H688AWC3Y6;
				GENERATE_INFOPLIST_FILE = YES;
				IPHONEOS_DEPLOYMENT_TARGET = 15.4;
				MARKETING_VERSION = 1.0;
				PRODUCT_BUNDLE_IDENTIFIER = "com.outlook.ics-C0499355.Lab8-2022Tests";
				PRODUCT_NAME = "$(TARGET_NAME)";
				SWIFT_EMIT_LOC_STRINGS = NO;
				SWIFT_VERSION = 5.0;
				TARGETED_DEVICE_FAMILY = "1,2";
				TEST_HOST = "$(BUILT_PRODUCTS_DIR)/Lab8_2022.app/Lab8_2022";
			};
			name = Debug;
		};
		F3D550B727E14AB0001F4BC6 /* Release */ = {
			isa = XCBuildConfiguration;
			buildSettings = {
				ALWAYS_EMBED_SWIFT_STANDARD_LIBRARIES = YES;
				BUNDLE_LOADER = "$(TEST_HOST)";
				CODE_SIGN_STYLE = Automatic;
				CURRENT_PROJECT_VERSION = 1;
				DEVELOPMENT_TEAM = H688AWC3Y6;
				GENERATE_INFOPLIST_FILE = YES;
				IPHONEOS_DEPLOYMENT_TARGET = 15.4;
				MARKETING_VERSION = 1.0;
				PRODUCT_BUNDLE_IDENTIFIER = "com.outlook.ics-C0499355.Lab8-2022Tests";
				PRODUCT_NAME = "$(TARGET_NAME)";
				SWIFT_EMIT_LOC_STRINGS = NO;
				SWIFT_VERSION = 5.0;
				TARGETED_DEVICE_FAMILY = "1,2";
				TEST_HOST = "$(BUILT_PRODUCTS_DIR)/Lab8_2022.app/Lab8_2022";
			};
			name = Release;
		};
		F3D550B927E14AB0001F4BC6 /* Debug */ = {
			isa = XCBuildConfiguration;
			buildSettings = {
				ALWAYS_EMBED_SWIFT_STANDARD_LIBRARIES = YES;
				CODE_SIGN_STYLE = Automatic;
				CURRENT_PROJECT_VERSION = 1;
				DEVELOPMENT_TEAM = H688AWC3Y6;
				GENERATE_INFOPLIST_FILE = YES;
				MARKETING_VERSION = 1.0;
				PRODUCT_BUNDLE_IDENTIFIER = "com.outlook.ics-C0499355.Lab8-2022UITests";
				PRODUCT_NAME = "$(TARGET_NAME)";
				SWIFT_EMIT_LOC_STRINGS = NO;
				SWIFT_VERSION = 5.0;
				TARGETED_DEVICE_FAMILY = "1,2";
				TEST_TARGET_NAME = Lab8_2022;
			};
			name = Debug;
		};
		F3D550BA27E14AB0001F4BC6 /* Release */ = {
			isa = XCBuildConfiguration;
			buildSettings = {
				ALWAYS_EMBED_SWIFT_STANDARD_LIBRARIES = YES;
				CODE_SIGN_STYLE = Automatic;
				CURRENT_PROJECT_VERSION = 1;
				DEVELOPMENT_TEAM = H688AWC3Y6;
				GENERATE_INFOPLIST_FILE = YES;
				MARKETING_VERSION = 1.0;
				PRODUCT_BUNDLE_IDENTIFIER = "com.outlook.ics-C0499355.Lab8-2022UITests";
				PRODUCT_NAME = "$(TARGET_NAME)";
				SWIFT_EMIT_LOC_STRINGS = NO;
				SWIFT_VERSION = 5.0;
				TARGETED_DEVICE_FAMILY = "1,2";
				TEST_TARGET_NAME = Lab8_2022;
			};
			name = Release;
		};
/* End XCBuildConfiguration section */

/* Begin XCConfigurationList section */
		F3D5508727E14AAE001F4BC6 /* Build configuration list for PBXProject "Lab8_2022" */ = {
			isa = XCConfigurationList;
			buildConfigurations = (
				F3D550B027E14AB0001F4BC6 /* Debug */,
				F3D550B127E14AB0001F4BC6 /* Release */,
			);
			defaultConfigurationIsVisible = 0;
			defaultConfigurationName = Release;
		};
		F3D550B227E14AB0001F4BC6 /* Build configuration list for PBXNativeTarget "Lab8_2022" */ = {
			isa = XCConfigurationList;
			buildConfigurations = (
				F3D550B327E14AB0001F4BC6 /* Debug */,
				F3D550B427E14AB0001F4BC6 /* Release */,
			);
			defaultConfigurationIsVisible = 0;
			defaultConfigurationName = Release;
		};
		F3D550B527E14AB0001F4BC6 /* Build configuration list for PBXNativeTarget "Lab8_2022Tests" */ = {
			isa = XCConfigurationList;
			buildConfigurations = (
				F3D550B627E14AB0001F4BC6 /* Debug */,
				F3D550B727E14AB0001F4BC6 /* Release */,
			);
			defaultConfigurationIsVisible = 0;
			defaultConfigurationName = Release;
		};
		F3D550B827E14AB0001F4BC6 /* Build configuration list for PBXNativeTarget "Lab8_2022UITests" */ = {
			isa = XCConfigurationList;
			buildConfigurations = (
				F3D550B927E14AB0001F4BC6 /* Debug */,
				F3D550BA27E14AB0001F4BC6 /* Release */,
			);
			defaultConfigurationIsVisible = 0;
			defaultConfigurationName = Release;
		};
/* End XCConfigurationList section */
	};
	rootObject = F3D5508427E14AAE001F4BC6 /* Project object */;
}
